
Microsoft Visual Studio Solution File, Format Version 12.00
# Visual Studio Version 17
VisualStudioVersion = 17.0.31903.59
MinimumVisualStudioVersion = 10.0.40219.1
Project("{2150E333-8FDC-42A3-9474-1A3956D46DE8}") = "AFFZ_TEST", "AFFZ_TEST", "{24551D53-BDE5-7E0D-5AD9-2E4EE0090E40}"
EndProject
Project("{FAE04EC0-301F-11D3-BF4B-00C04F79EFBC}") = "AFFZ_API.Tests", "AFFZ_TEST\AFFZ_API.Tests\AFFZ_API.Tests.csproj", "{2B5A7AF9-F062-4FBF-8A93-29B208302C5B}"
EndProject
Project("{FAE04EC0-301F-11D3-BF4B-00C04F79EFBC}") = "AFFZ_MVC.Tests", "AFFZ_TEST\AFFZ_MVC.Tests\AFFZ_MVC.Tests.csproj", "{59CA542D-19A0-49F6-91FD-4ED958618C04}"
EndProject
Project("{FAE04EC0-301F-11D3-BF4B-00C04F79EFBC}") = "SmartCenterApplicationTest", "SmartCenterApplicationTest\SmartCenterApplicationTest.csproj", "{52250370-3C66-4E75-9DAB-505BFF2E9897}"
EndProject
Global
	GlobalSection(SolutionConfigurationPlatforms) = preSolution
		Debug|Any CPU = Debug|Any CPU
		Debug|x64 = Debug|x64
		Debug|x86 = Debug|x86
		Release|Any CPU = Release|Any CPU
		Release|x64 = Release|x64
		Release|x86 = Release|x86
	EndGlobalSection
	GlobalSection(ProjectConfigurationPlatforms) = postSolution
		{2B5A7AF9-F062-4FBF-8A93-29B208302C5B}.Debug|Any CPU.ActiveCfg = Debug|Any CPU
		{2B5A7AF9-F062-4FBF-8A93-29B208302C5B}.Debug|Any CPU.Build.0 = Debug|Any CPU
		{2B5A7AF9-F062-4FBF-8A93-29B208302C5B}.Debug|x64.ActiveCfg = Debug|Any CPU
		{2B5A7AF9-F062-4FBF-8A93-29B208302C5B}.Debug|x64.Build.0 = Debug|Any CPU
		{2B5A7AF9-F062-4FBF-8A93-29B208302C5B}.Debug|x86.ActiveCfg = Debug|Any CPU
		{2B5A7AF9-F062-4FBF-8A93-29B208302C5B}.Debug|x86.Build.0 = Debug|Any CPU
		{2B5A7AF9-F062-4FBF-8A93-29B208302C5B}.Release|Any CPU.ActiveCfg = Release|Any CPU
		{2B5A7AF9-F062-4FBF-8A93-29B208302C5B}.Release|Any CPU.Build.0 = Release|Any CPU
		{2B5A7AF9-F062-4FBF-8A93-29B208302C5B}.Release|x64.ActiveCfg = Release|Any CPU
		{2B5A7AF9-F062-4FBF-8A93-29B208302C5B}.Release|x64.Build.0 = Release|Any CPU
		{2B5A7AF9-F062-4FBF-8A93-29B208302C5B}.Release|x86.ActiveCfg = Release|Any CPU
		{2B5A7AF9-F062-4FBF-8A93-29B208302C5B}.Release|x86.Build.0 = Release|Any CPU
		{59CA542D-19A0-49F6-91FD-4ED958618C04}.Debug|Any CPU.ActiveCfg = Debug|Any CPU
		{59CA542D-19A0-49F6-91FD-4ED958618C04}.Debug|Any CPU.Build.0 = Debug|Any CPU
		{59CA542D-19A0-49F6-91FD-4ED958618C04}.Debug|x64.ActiveCfg = Debug|Any CPU
		{59CA542D-19A0-49F6-91FD-4ED958618C04}.Debug|x64.Build.0 = Debug|Any CPU
		{59CA542D-19A0-49F6-91FD-4ED958618C04}.Debug|x86.ActiveCfg = Debug|Any CPU
		{59CA542D-19A0-49F6-91FD-4ED958618C04}.Debug|x86.Build.0 = Debug|Any CPU
		{59CA542D-19A0-49F6-91FD-4ED958618C04}.Release|Any CPU.ActiveCfg = Release|Any CPU
		{59CA542D-19A0-49F6-91FD-4ED958618C04}.Release|Any CPU.Build.0 = Release|Any CPU
		{59CA542D-19A0-49F6-91FD-4ED958618C04}.Release|x64.ActiveCfg = Release|Any CPU
		{59CA542D-19A0-49F6-91FD-4ED958618C04}.Release|x64.Build.0 = Release|Any CPU
		{59CA542D-19A0-49F6-91FD-4ED958618C04}.Release|x86.ActiveCfg = Release|Any CPU
		{59CA542D-19A0-49F6-91FD-4ED958618C04}.Release|x86.Build.0 = Release|Any CPU
		{52250370-3C66-4E75-9DAB-505BFF2E9897}.Debug|Any CPU.ActiveCfg = Debug|Any CPU
		{52250370-3C66-4E75-9DAB-505BFF2E9897}.Debug|Any CPU.Build.0 = Debug|Any CPU
		{52250370-3C66-4E75-9DAB-505BFF2E9897}.Debug|x64.ActiveCfg = Debug|Any CPU
		{52250370-3C66-4E75-9DAB-505BFF2E9897}.Debug|x64.Build.0 = Debug|Any CPU
		{52250370-3C66-4E75-9DAB-505BFF2E9897}.Debug|x86.ActiveCfg = Debug|Any CPU
		{52250370-3C66-4E75-9DAB-505BFF2E9897}.Debug|x86.Build.0 = Debug|Any CPU
		{52250370-3C66-4E75-9DAB-505BFF2E9897}.Release|Any CPU.ActiveCfg = Release|Any CPU
		{52250370-3C66-4E75-9DAB-505BFF2E9897}.Release|Any CPU.Build.0 = Release|Any CPU
		{52250370-3C66-4E75-9DAB-505BFF2E9897}.Release|x64.ActiveCfg = Release|Any CPU
		{52250370-3C66-4E75-9DAB-505BFF2E9897}.Release|x64.Build.0 = Release|Any CPU
		{52250370-3C66-4E75-9DAB-505BFF2E9897}.Release|x86.ActiveCfg = Release|Any CPU
		{52250370-3C66-4E75-9DAB-505BFF2E9897}.Release|x86.Build.0 = Release|Any CPU
	EndGlobalSection
	GlobalSection(SolutionProperties) = preSolution
		HideSolutionNode = FALSE
	EndGlobalSection
	GlobalSection(NestedProjects) = preSolution
		{2B5A7AF9-F062-4FBF-8A93-29B208302C5B} = {24551D53-BDE5-7E0D-5AD9-2E4EE0090E40}
		{59CA542D-19A0-49F6-91FD-4ED958618C04} = {24551D53-BDE5-7E0D-5AD9-2E4EE0090E40}
	EndGlobalSection
EndGlobal
